
Microsoft Visual Studio Solution File, Format Version 12.00
# Visual Studio Version 17
VisualStudioVersion = 17.11.35208.52
MinimumVisualStudioVersion = 10.0.40219.1
Project("{9A19103F-16F7-4668-BE54-9A1E7A4F7556}") = "AuthService", "AuthService\AuthService.csproj", "{E7A72C8F-4C50-41AA-8FA4-E8578FF2DE82}"
EndProject
Project("{FAE04EC0-301F-11D3-BF4B-00C04F79EFBC}") = "AuthService.Data", "AuthService.Data\AuthService.Data.csproj", "{F405670C-ED9D-4601-A3CA-9DBA74B63B7C}"
EndProject
Global
	GlobalSection(SolutionConfigurationPlatforms) = preSolution
		Debug|Any CPU = Debug|Any CPU
		Release|Any CPU = Release|Any CPU
	EndGlobalSection
	GlobalSection(ProjectConfigurationPlatforms) = postSolution
		{E7A72C8F-4C50-41AA-8FA4-E8578FF2DE82}.Debug|Any CPU.ActiveCfg = Debug|Any CPU
		{E7A72C8F-4C50-41AA-8FA4-E8578FF2DE82}.Debug|Any CPU.Build.0 = Debug|Any CPU
		{E7A72C8F-4C50-41AA-8FA4-E8578FF2DE82}.Release|Any CPU.ActiveCfg = Release|Any CPU
		{E7A72C8F-4C50-41AA-8FA4-E8578FF2DE82}.Release|Any CPU.Build.0 = Release|Any CPU
		{F405670C-ED9D-4601-A3CA-9DBA74B63B7C}.Debug|Any CPU.ActiveCfg = Debug|Any CPU
		{F405670C-ED9D-4601-A3CA-9DBA74B63B7C}.Debug|Any CPU.Build.0 = Debug|Any CPU
		{F405670C-ED9D-4601-A3CA-9DBA74B63B7C}.Release|Any CPU.ActiveCfg = Release|Any CPU
		{F405670C-ED9D-4601-A3CA-9DBA74B63B7C}.Release|Any CPU.Build.0 = Release|Any CPU
	EndGlobalSection
	GlobalSection(SolutionProperties) = preSolution
		HideSolutionNode = FALSE
	EndGlobalSection
	GlobalSection(ExtensibilityGlobals) = postSolution
		SolutionGuid = {5808B24B-7CAC-4334-A404-1D31198A578F}
	EndGlobalSection
EndGlobal
